
Microsoft Visual Studio Solution File, Format Version 12.00
# Visual Studio Version 17
VisualStudioVersion = 17.9.34622.214
MinimumVisualStudioVersion = 10.0.40219.1
Project("{FAE04EC0-301F-11D3-BF4B-00C04F79EFBC}") = "Homework07", "Homework07\Homework07.csproj", "{B334D501-FE38-4C10-9CD8-78F58E4CEFB5}"
EndProject
Global
	GlobalSection(SolutionConfigurationPlatforms) = preSolution
		Debug|Any CPU = Debug|Any CPU
		Release|Any CPU = Release|Any CPU
	EndGlobalSection
	GlobalSection(ProjectConfigurationPlatforms) = postSolution
		{B334D501-FE38-4C10-9CD8-78F58E4CEFB5}.Debug|Any CPU.ActiveCfg = Debug|Any CPU
		{B334D501-FE38-4C10-9CD8-78F58E4CEFB5}.Debug|Any CPU.Build.0 = Debug|Any CPU
		{B334D501-FE38-4C10-9CD8-78F58E4CEFB5}.Release|Any CPU.ActiveCfg = Release|Any CPU
		{B334D501-FE38-4C10-9CD8-78F58E4CEFB5}.Release|Any CPU.Build.0 = Release|Any CPU
	EndGlobalSection
	GlobalSection(SolutionProperties) = preSolution
		HideSolutionNode = FALSE
	EndGlobalSection
	GlobalSection(ExtensibilityGlobals) = postSolution
		SolutionGuid = {B6DEB66C-00D9-4153-9091-F3DEEA151F93}
	EndGlobalSection
EndGlobal
